
Microsoft Visual Studio Solution File, Format Version 12.00
# Visual Studio Version 17
VisualStudioVersion = 17.3.32825.248
MinimumVisualStudioVersion = 10.0.40219.1
Project("{FAE04EC0-301F-11D3-BF4B-00C04F79EFBC}") = "Menu", "Menu\Menu.csproj", "{44D0B055-CD2A-45B4-B427-D525C193F894}"
EndProject
Global
	GlobalSection(SolutionConfigurationPlatforms) = preSolution
		Debug|Any CPU = Debug|Any CPU
		Release|Any CPU = Release|Any CPU
	EndGlobalSection
	GlobalSection(ProjectConfigurationPlatforms) = postSolution
		{44D0B055-CD2A-45B4-B427-D525C193F894}.Debug|Any CPU.ActiveCfg = Debug|Any CPU
		{44D0B055-CD2A-45B4-B427-D525C193F894}.Debug|Any CPU.Build.0 = Debug|Any CPU
		{44D0B055-CD2A-45B4-B427-D525C193F894}.Release|Any CPU.ActiveCfg = Release|Any CPU
		{44D0B055-CD2A-45B4-B427-D525C193F894}.Release|Any CPU.Build.0 = Release|Any CPU
	EndGlobalSection
	GlobalSection(SolutionProperties) = preSolution
		HideSolutionNode = FALSE
	EndGlobalSection
	GlobalSection(ExtensibilityGlobals) = postSolution
		SolutionGuid = {FFEE5225-9136-49C2-B70E-448903AA5E2D}
	EndGlobalSection
EndGlobal
